{
  "name": "bandmate",
  "lockfileVersion": 3,
  "requires": true,
  "packages": {
    "": {
      "name": "bandmate",
      "dependencies": {
        "@hotwired/turbo-rails": "^7.0.0"
      },
      "devDependencies": {
        "@prettier/plugin-ruby": "^1.6.1",
        "prettier": "^2.8.8"
      }
    },
    "node_modules/@hotwired/turbo": {
      "version": "7.3.0",
      "resolved": "https://registry.npmjs.org/@hotwired/turbo/-/turbo-7.3.0.tgz",
      "integrity": "sha512-Dcu+NaSvHLT7EjrDrkEmH4qET2ZJZ5IcCWmNXxNQTBwlnE5tBZfN6WxZ842n5cHV52DH/AKNirbPBtcEXDLW4g==",
      "license": "MIT",
      "engines": {
        "node": ">= 14"
      }
    },
    "node_modules/@hotwired/turbo-rails": {
      "version": "7.3.0",
      "resolved": "https://registry.npmjs.org/@hotwired/turbo-rails/-/turbo-rails-7.3.0.tgz",
      "integrity": "sha512-fvhO64vp/a2UVQ3jue9WTc2JisMv9XilIC7ViZmXAREVwiQ2S4UC7Go8f9A1j4Xu7DBI6SbFdqILk5ImqVoqyA==",
      "license": "MIT",
      "dependencies": {
        "@hotwired/turbo": "^7.3.0",
        "@rails/actioncable": "^7.0"
      }
    },
    "node_modules/@prettier/plugin-ruby": {
      "version": "1.6.1",
      "resolved": "https://registry.npmjs.org/@prettier/plugin-ruby/-/plugin-ruby-1.6.1.tgz",
      "integrity": "sha512-PGDCATgVTQz0s/NB9nStiXVCIr+hG/XnKeAO/kguaHrNf8VwCpP5Ul+/KQao0z0QFBy2PDY8kWptfDQCa7WMXg==",
      "dev": true,
      "license": "MIT",
      "dependencies": {
        "prettier": ">=1.10"
      }
    },
    "node_modules/@rails/actioncable": {
      "version": "7.2.201",
      "resolved": "https://registry.npmjs.org/@rails/actioncable/-/actioncable-7.2.201.tgz",
      "integrity": "sha512-wsTdWoZ5EfG5k3t7ORdyQF0ZmDEgN4aVPCanHAiNEwCROqibSZMXXmCbH7IDJUVri4FOeAVwwbPINI7HVHPKBw==",
      "license": "MIT"
    },
    "node_modules/prettier": {
      "version": "2.8.8",
      "resolved": "https://registry.npmjs.org/prettier/-/prettier-2.8.8.tgz",
      "integrity": "sha512-tdN8qQGvNjw4CHbY+XXk0JgCXn9QiF21a55rBe5LJAU+kDyC4WQn4+awm2Xfk2lQMk5fKup9XgzTZtGkjBdP9Q==",
      "dev": true,
      "license": "MIT",
      "bin": {
        "prettier": "bin-prettier.js"
      },
      "engines": {
        "node": ">=10.13.0"
      },
      "funding": {
        "url": "https://github.com/prettier/prettier?sponsor=1"
      }
    }
  }
}
